
Microsoft Visual Studio Solution File, Format Version 12.00
# Visual Studio Version 16
VisualStudioVersion = 16.0.31410.357
MinimumVisualStudioVersion = 10.0.40219.1
Project("{2150E333-8FDC-42A3-9474-1A3956D46DE8}") = "Services", "Services", "{BAF3690B-8A28-4625-A412-273B5E55E4B3}"
EndProject
Project("{2150E333-8FDC-42A3-9474-1A3956D46DE8}") = "Catalog", "Catalog", "{A916E5EB-FD84-4E4A-897D-DF696FCB96FE}"
EndProject
Project("{9A19103F-16F7-4668-BE54-9A1E7A4F7556}") = "Catalog.API", "Services\Catalog\Catalog.API\Catalog.API.csproj", "{101300EE-29E6-42AF-81F0-CCF41F1CAE4F}"
EndProject
Project("{E53339B2-1760-4266-BCC7-CA923CBCF16C}") = "docker-compose", "docker-compose.dcproj", "{218EF17F-6463-4888-B77B-87695F90B2BA}"
EndProject
Global
	GlobalSection(SolutionConfigurationPlatforms) = preSolution
		Debug|Any CPU = Debug|Any CPU
		Release|Any CPU = Release|Any CPU
	EndGlobalSection
	GlobalSection(ProjectConfigurationPlatforms) = postSolution
		{101300EE-29E6-42AF-81F0-CCF41F1CAE4F}.Debug|Any CPU.ActiveCfg = Debug|Any CPU
		{101300EE-29E6-42AF-81F0-CCF41F1CAE4F}.Debug|Any CPU.Build.0 = Debug|Any CPU
		{101300EE-29E6-42AF-81F0-CCF41F1CAE4F}.Release|Any CPU.ActiveCfg = Release|Any CPU
		{101300EE-29E6-42AF-81F0-CCF41F1CAE4F}.Release|Any CPU.Build.0 = Release|Any CPU
		{218EF17F-6463-4888-B77B-87695F90B2BA}.Debug|Any CPU.ActiveCfg = Debug|Any CPU
		{218EF17F-6463-4888-B77B-87695F90B2BA}.Debug|Any CPU.Build.0 = Debug|Any CPU
		{218EF17F-6463-4888-B77B-87695F90B2BA}.Release|Any CPU.ActiveCfg = Release|Any CPU
		{218EF17F-6463-4888-B77B-87695F90B2BA}.Release|Any CPU.Build.0 = Release|Any CPU
	EndGlobalSection
	GlobalSection(SolutionProperties) = preSolution
		HideSolutionNode = FALSE
	EndGlobalSection
	GlobalSection(NestedProjects) = preSolution
		{A916E5EB-FD84-4E4A-897D-DF696FCB96FE} = {BAF3690B-8A28-4625-A412-273B5E55E4B3}
		{101300EE-29E6-42AF-81F0-CCF41F1CAE4F} = {A916E5EB-FD84-4E4A-897D-DF696FCB96FE}
	EndGlobalSection
	GlobalSection(ExtensibilityGlobals) = postSolution
		SolutionGuid = {FA0B66CF-5B8D-40D6-A909-E694B350AD18}
	EndGlobalSection
EndGlobal
