
Microsoft Visual Studio Solution File, Format Version 12.00
# Visual Studio Version 16
VisualStudioVersion = 16.0.31410.357
MinimumVisualStudioVersion = 10.0.40219.1
Project("{2150E333-8FDC-42A3-9474-1A3956D46DE8}") = "Services", "Services", "{BAF3690B-8A28-4625-A412-273B5E55E4B3}"
EndProject
Project("{2150E333-8FDC-42A3-9474-1A3956D46DE8}") = "Catalog", "Catalog", "{A916E5EB-FD84-4E4A-897D-DF696FCB96FE}"
EndProject
Project("{9A19103F-16F7-4668-BE54-9A1E7A4F7556}") = "Catalog.API", "Services\Catalog\Catalog.API\Catalog.API.csproj", "{101300EE-29E6-42AF-81F0-CCF41F1CAE4F}"
EndProject
Project("{E53339B2-1760-4266-BCC7-CA923CBCF16C}") = "docker-compose", "docker-compose.dcproj", "{218EF17F-6463-4888-B77B-87695F90B2BA}"
EndProject
Project("{2150E333-8FDC-42A3-9474-1A3956D46DE8}") = "Basket", "Basket", "{E12B582E-E0B1-4B8C-8ECA-AE40FEFC7B71}"
EndProject
Project("{9A19103F-16F7-4668-BE54-9A1E7A4F7556}") = "Basket.API", "Services\Basket\Basket.API\Basket.API.csproj", "{48F1C2C5-DF3E-43B1-B981-ED1F2F507189}"
EndProject
Project("{2150E333-8FDC-42A3-9474-1A3956D46DE8}") = "Discount", "Discount", "{8E0529D4-D2A1-4550-B233-633276850BBD}"
EndProject
Project("{9A19103F-16F7-4668-BE54-9A1E7A4F7556}") = "Discount.API", "Services\Discount\Discount.API\Discount.API.csproj", "{378CBC3E-6B78-4B43-8B8F-0E719DB94B0E}"
EndProject
Project("{9A19103F-16F7-4668-BE54-9A1E7A4F7556}") = "Discount.GRPC", "Services\Discount\Discount.GRPC\Discount.GRPC.csproj", "{BA481ED7-9863-43FF-BF03-0B318E8A0880}"
EndProject
Project("{2150E333-8FDC-42A3-9474-1A3956D46DE8}") = "Ordering", "Ordering", "{7A03DF21-BD3C-4E02-ABAA-BDC811644B99}"
EndProject
Project("{9A19103F-16F7-4668-BE54-9A1E7A4F7556}") = "Ordering.API", "Services\Ordering\Ordering.API\Ordering.API.csproj", "{E0CDDF90-C7F8-4594-8A3E-FF144DF4944D}"
EndProject
Project("{9A19103F-16F7-4668-BE54-9A1E7A4F7556}") = "Ordering.Domain", "Services\Ordering\Ordering.Domain\Ordering.Domain.csproj", "{C6F9D049-56E9-49F5-AD30-D58ABED4F01F}"
EndProject
Project("{9A19103F-16F7-4668-BE54-9A1E7A4F7556}") = "Ordering.Application", "Services\Ordering\Ordering.Application\Ordering.Application.csproj", "{36360D29-98B5-45B3-B0AE-6F79D13FDCC6}"
EndProject
Project("{9A19103F-16F7-4668-BE54-9A1E7A4F7556}") = "Ordering.Infrastructure", "Services\Ordering\Ordering.Infrastructure\Ordering.Infrastructure.csproj", "{D1CA539D-8B62-4791-90EA-4E905E9BF7AB}"
EndProject
Project("{2150E333-8FDC-42A3-9474-1A3956D46DE8}") = "BuildingBlocks", "BuildingBlocks", "{3120018B-9BA0-4BEB-8FD6-7254B3A8E5A7}"
EndProject
Project("{9A19103F-16F7-4668-BE54-9A1E7A4F7556}") = "EventBus.Messages", "BuildingBlocks\EventBus.Messages\EventBus.Messages.csproj", "{01B438E9-A736-4E38-A6A7-54112299D252}"
EndProject
Project("{2150E333-8FDC-42A3-9474-1A3956D46DE8}") = "API Gateways", "API Gateways", "{69FC053B-D3F4-4B29-98C9-F4F624657033}"
EndProject
Project("{9A19103F-16F7-4668-BE54-9A1E7A4F7556}") = "OcelotAPIGateway", "API Gateways\OcelotAPIGateway\OcelotAPIGateway.csproj", "{0AC14A14-5D53-458C-B80E-CC3EED0CD6F5}"
EndProject
Global
	GlobalSection(SolutionConfigurationPlatforms) = preSolution
		Debug|Any CPU = Debug|Any CPU
		Release|Any CPU = Release|Any CPU
	EndGlobalSection
	GlobalSection(ProjectConfigurationPlatforms) = postSolution
		{101300EE-29E6-42AF-81F0-CCF41F1CAE4F}.Debug|Any CPU.ActiveCfg = Debug|Any CPU
		{101300EE-29E6-42AF-81F0-CCF41F1CAE4F}.Debug|Any CPU.Build.0 = Debug|Any CPU
		{101300EE-29E6-42AF-81F0-CCF41F1CAE4F}.Release|Any CPU.ActiveCfg = Release|Any CPU
		{101300EE-29E6-42AF-81F0-CCF41F1CAE4F}.Release|Any CPU.Build.0 = Release|Any CPU
		{218EF17F-6463-4888-B77B-87695F90B2BA}.Debug|Any CPU.ActiveCfg = Debug|Any CPU
		{218EF17F-6463-4888-B77B-87695F90B2BA}.Debug|Any CPU.Build.0 = Debug|Any CPU
		{218EF17F-6463-4888-B77B-87695F90B2BA}.Release|Any CPU.ActiveCfg = Release|Any CPU
		{218EF17F-6463-4888-B77B-87695F90B2BA}.Release|Any CPU.Build.0 = Release|Any CPU
		{48F1C2C5-DF3E-43B1-B981-ED1F2F507189}.Debug|Any CPU.ActiveCfg = Debug|Any CPU
		{48F1C2C5-DF3E-43B1-B981-ED1F2F507189}.Debug|Any CPU.Build.0 = Debug|Any CPU
		{48F1C2C5-DF3E-43B1-B981-ED1F2F507189}.Release|Any CPU.ActiveCfg = Release|Any CPU
		{48F1C2C5-DF3E-43B1-B981-ED1F2F507189}.Release|Any CPU.Build.0 = Release|Any CPU
		{378CBC3E-6B78-4B43-8B8F-0E719DB94B0E}.Debug|Any CPU.ActiveCfg = Debug|Any CPU
		{378CBC3E-6B78-4B43-8B8F-0E719DB94B0E}.Debug|Any CPU.Build.0 = Debug|Any CPU
		{378CBC3E-6B78-4B43-8B8F-0E719DB94B0E}.Release|Any CPU.ActiveCfg = Release|Any CPU
		{378CBC3E-6B78-4B43-8B8F-0E719DB94B0E}.Release|Any CPU.Build.0 = Release|Any CPU
		{BA481ED7-9863-43FF-BF03-0B318E8A0880}.Debug|Any CPU.ActiveCfg = Debug|Any CPU
		{BA481ED7-9863-43FF-BF03-0B318E8A0880}.Debug|Any CPU.Build.0 = Debug|Any CPU
		{BA481ED7-9863-43FF-BF03-0B318E8A0880}.Release|Any CPU.ActiveCfg = Release|Any CPU
		{BA481ED7-9863-43FF-BF03-0B318E8A0880}.Release|Any CPU.Build.0 = Release|Any CPU
		{E0CDDF90-C7F8-4594-8A3E-FF144DF4944D}.Debug|Any CPU.ActiveCfg = Debug|Any CPU
		{E0CDDF90-C7F8-4594-8A3E-FF144DF4944D}.Debug|Any CPU.Build.0 = Debug|Any CPU
		{E0CDDF90-C7F8-4594-8A3E-FF144DF4944D}.Release|Any CPU.ActiveCfg = Release|Any CPU
		{E0CDDF90-C7F8-4594-8A3E-FF144DF4944D}.Release|Any CPU.Build.0 = Release|Any CPU
		{C6F9D049-56E9-49F5-AD30-D58ABED4F01F}.Debug|Any CPU.ActiveCfg = Debug|Any CPU
		{C6F9D049-56E9-49F5-AD30-D58ABED4F01F}.Debug|Any CPU.Build.0 = Debug|Any CPU
		{C6F9D049-56E9-49F5-AD30-D58ABED4F01F}.Release|Any CPU.ActiveCfg = Release|Any CPU
		{C6F9D049-56E9-49F5-AD30-D58ABED4F01F}.Release|Any CPU.Build.0 = Release|Any CPU
		{36360D29-98B5-45B3-B0AE-6F79D13FDCC6}.Debug|Any CPU.ActiveCfg = Debug|Any CPU
		{36360D29-98B5-45B3-B0AE-6F79D13FDCC6}.Debug|Any CPU.Build.0 = Debug|Any CPU
		{36360D29-98B5-45B3-B0AE-6F79D13FDCC6}.Release|Any CPU.ActiveCfg = Release|Any CPU
		{36360D29-98B5-45B3-B0AE-6F79D13FDCC6}.Release|Any CPU.Build.0 = Release|Any CPU
		{D1CA539D-8B62-4791-90EA-4E905E9BF7AB}.Debug|Any CPU.ActiveCfg = Debug|Any CPU
		{D1CA539D-8B62-4791-90EA-4E905E9BF7AB}.Debug|Any CPU.Build.0 = Debug|Any CPU
		{D1CA539D-8B62-4791-90EA-4E905E9BF7AB}.Release|Any CPU.ActiveCfg = Release|Any CPU
		{D1CA539D-8B62-4791-90EA-4E905E9BF7AB}.Release|Any CPU.Build.0 = Release|Any CPU
		{01B438E9-A736-4E38-A6A7-54112299D252}.Debug|Any CPU.ActiveCfg = Debug|Any CPU
		{01B438E9-A736-4E38-A6A7-54112299D252}.Debug|Any CPU.Build.0 = Debug|Any CPU
		{01B438E9-A736-4E38-A6A7-54112299D252}.Release|Any CPU.ActiveCfg = Release|Any CPU
		{01B438E9-A736-4E38-A6A7-54112299D252}.Release|Any CPU.Build.0 = Release|Any CPU
		{0AC14A14-5D53-458C-B80E-CC3EED0CD6F5}.Debug|Any CPU.ActiveCfg = Debug|Any CPU
		{0AC14A14-5D53-458C-B80E-CC3EED0CD6F5}.Debug|Any CPU.Build.0 = Debug|Any CPU
		{0AC14A14-5D53-458C-B80E-CC3EED0CD6F5}.Release|Any CPU.ActiveCfg = Release|Any CPU
		{0AC14A14-5D53-458C-B80E-CC3EED0CD6F5}.Release|Any CPU.Build.0 = Release|Any CPU
	EndGlobalSection
	GlobalSection(SolutionProperties) = preSolution
		HideSolutionNode = FALSE
	EndGlobalSection
	GlobalSection(NestedProjects) = preSolution
		{A916E5EB-FD84-4E4A-897D-DF696FCB96FE} = {BAF3690B-8A28-4625-A412-273B5E55E4B3}
		{101300EE-29E6-42AF-81F0-CCF41F1CAE4F} = {A916E5EB-FD84-4E4A-897D-DF696FCB96FE}
		{E12B582E-E0B1-4B8C-8ECA-AE40FEFC7B71} = {BAF3690B-8A28-4625-A412-273B5E55E4B3}
		{48F1C2C5-DF3E-43B1-B981-ED1F2F507189} = {E12B582E-E0B1-4B8C-8ECA-AE40FEFC7B71}
		{8E0529D4-D2A1-4550-B233-633276850BBD} = {BAF3690B-8A28-4625-A412-273B5E55E4B3}
		{378CBC3E-6B78-4B43-8B8F-0E719DB94B0E} = {8E0529D4-D2A1-4550-B233-633276850BBD}
		{BA481ED7-9863-43FF-BF03-0B318E8A0880} = {8E0529D4-D2A1-4550-B233-633276850BBD}
		{7A03DF21-BD3C-4E02-ABAA-BDC811644B99} = {BAF3690B-8A28-4625-A412-273B5E55E4B3}
		{E0CDDF90-C7F8-4594-8A3E-FF144DF4944D} = {7A03DF21-BD3C-4E02-ABAA-BDC811644B99}
		{C6F9D049-56E9-49F5-AD30-D58ABED4F01F} = {7A03DF21-BD3C-4E02-ABAA-BDC811644B99}
		{36360D29-98B5-45B3-B0AE-6F79D13FDCC6} = {7A03DF21-BD3C-4E02-ABAA-BDC811644B99}
		{D1CA539D-8B62-4791-90EA-4E905E9BF7AB} = {7A03DF21-BD3C-4E02-ABAA-BDC811644B99}
		{01B438E9-A736-4E38-A6A7-54112299D252} = {3120018B-9BA0-4BEB-8FD6-7254B3A8E5A7}
		{0AC14A14-5D53-458C-B80E-CC3EED0CD6F5} = {69FC053B-D3F4-4B29-98C9-F4F624657033}
	EndGlobalSection
	GlobalSection(ExtensibilityGlobals) = postSolution
		SolutionGuid = {FA0B66CF-5B8D-40D6-A909-E694B350AD18}
	EndGlobalSection
EndGlobal
